
Microsoft Visual Studio Solution File, Format Version 12.00
# Visual Studio 15
VisualStudioVersion = 15.0.28307.1401
MinimumVisualStudioVersion = 10.0.40219.1
Project("{FAE04EC0-301F-11D3-BF4B-00C04F79EFBC}") = "InsuranceApp", "InsuranceApp\InsuranceApp.csproj", "{DCE3571D-DB06-4AE8-8E40-99C46ACC1DA1}"
EndProject
Global
	GlobalSection(SolutionConfigurationPlatforms) = preSolution
		Debug|Any CPU = Debug|Any CPU
		Release|Any CPU = Release|Any CPU
	EndGlobalSection
	GlobalSection(ProjectConfigurationPlatforms) = postSolution
		{DCE3571D-DB06-4AE8-8E40-99C46ACC1DA1}.Debug|Any CPU.ActiveCfg = Debug|Any CPU
		{DCE3571D-DB06-4AE8-8E40-99C46ACC1DA1}.Debug|Any CPU.Build.0 = Debug|Any CPU
		{DCE3571D-DB06-4AE8-8E40-99C46ACC1DA1}.Release|Any CPU.ActiveCfg = Release|Any CPU
		{DCE3571D-DB06-4AE8-8E40-99C46ACC1DA1}.Release|Any CPU.Build.0 = Release|Any CPU
	EndGlobalSection
	GlobalSection(SolutionProperties) = preSolution
		HideSolutionNode = FALSE
	EndGlobalSection
	GlobalSection(ExtensibilityGlobals) = postSolution
		SolutionGuid = {FFDF138E-5379-4B52-9E92-A7730E44053C}
	EndGlobalSection
EndGlobal
